
Microsoft Visual Studio Solution File, Format Version 12.00
# Visual Studio Version 17
VisualStudioVersion = 17.13.35913.81
MinimumVisualStudioVersion = 10.0.40219.1
Project("{FAE04EC0-301F-11D3-BF4B-00C04F79EFBC}") = "SocialAssistInfoSystem", "SocialAssistInfoSystem\SocialAssistInfoSystem\SocialAssistInfoSystem.csproj", "{9F529C21-E53A-4BAA-8680-25CE7539C420}"
EndProject
Project("{FAE04EC0-301F-11D3-BF4B-00C04F79EFBC}") = "SocialAssistInfoSystem.Client", "SocialAssistInfoSystem\SocialAssistInfoSystem.Client\SocialAssistInfoSystem.Client.csproj", "{632D01CC-0467-45AE-A38F-F611A308E76D}"
EndProject
Global
	GlobalSection(SolutionConfigurationPlatforms) = preSolution
		Debug|Any CPU = Debug|Any CPU
		Release|Any CPU = Release|Any CPU
	EndGlobalSection
	GlobalSection(ProjectConfigurationPlatforms) = postSolution
		{9F529C21-E53A-4BAA-8680-25CE7539C420}.Debug|Any CPU.ActiveCfg = Debug|Any CPU
		{9F529C21-E53A-4BAA-8680-25CE7539C420}.Debug|Any CPU.Build.0 = Debug|Any CPU
		{9F529C21-E53A-4BAA-8680-25CE7539C420}.Release|Any CPU.ActiveCfg = Release|Any CPU
		{9F529C21-E53A-4BAA-8680-25CE7539C420}.Release|Any CPU.Build.0 = Release|Any CPU
		{632D01CC-0467-45AE-A38F-F611A308E76D}.Debug|Any CPU.ActiveCfg = Debug|Any CPU
		{632D01CC-0467-45AE-A38F-F611A308E76D}.Debug|Any CPU.Build.0 = Debug|Any CPU
		{632D01CC-0467-45AE-A38F-F611A308E76D}.Release|Any CPU.ActiveCfg = Release|Any CPU
		{632D01CC-0467-45AE-A38F-F611A308E76D}.Release|Any CPU.Build.0 = Release|Any CPU
	EndGlobalSection
	GlobalSection(SolutionProperties) = preSolution
		HideSolutionNode = FALSE
	EndGlobalSection
	GlobalSection(ExtensibilityGlobals) = postSolution
		SolutionGuid = {629306DB-C345-4DF6-A3F6-C2CA25475EDB}
	EndGlobalSection
EndGlobal
